{
  "nodes": {
    "flake-parts": {
      "inputs": {
        "nixpkgs-lib": "nixpkgs-lib"
      },
      "locked": {
        "lastModified": 1690933134,
        "narHash": "sha256-ab989mN63fQZBFrkk4Q8bYxQCktuHmBIBqUG1jl6/FQ=",
        "owner": "hercules-ci",
        "repo": "flake-parts",
        "rev": "59cf3f1447cfc75087e7273b04b31e689a8599fb",
        "type": "github"
      },
      "original": {
        "owner": "hercules-ci",
        "repo": "flake-parts",
        "type": "github"
      }
    },
    "nixpkgs": {
      "locked": {
        "lastModified": 1691709280,
        "narHash": "sha256-zmfH2OlZEXwv572d0g8f6M5Ac6RiO8TxymOpY3uuqrM=",
        "owner": "NixOS",
        "repo": "nixpkgs",
        "rev": "cf73a86c35a84de0e2f3ba494327cf6fb51c0dfd",
        "type": "github"
      },
      "original": {
        "owner": "NixOS",
        "ref": "nixpkgs-unstable",
        "repo": "nixpkgs",
        "type": "github"
      }
    },
    "nixpkgs-lib": {
      "locked": {
        "dir": "lib",
        "lastModified": 1690881714,
        "narHash": "sha256-h/nXluEqdiQHs1oSgkOOWF+j8gcJMWhwnZ9PFabN6q0=",
        "owner": "NixOS",
        "repo": "nixpkgs",
        "rev": "9e1960bc196baf6881340d53dccb203a951745a2",
        "type": "github"
      },
      "original": {
        "dir": "lib",
        "owner": "NixOS",
        "ref": "nixos-unstable",
        "repo": "nixpkgs",
        "type": "github"
      }
    },
    "root": {
      "inputs": {
        "flake-parts": "flake-parts",
        "nixpkgs": "nixpkgs"
      }
    }
  },
  "root": "root",
  "version": 7
}
